
Microsoft Visual Studio Solution File, Format Version 12.00
# Visual Studio 15
VisualStudioVersion = 15.0.28307.271
MinimumVisualStudioVersion = 10.0.40219.1
Project("{8BC9CEB8-8B4A-11D0-8D11-00A0C91BC942}") = "CVStudy", "CVStudy\CVStudy.vcxproj", "{36BDD323-A63C-46EE-A2F7-D1D4BE9123FF}"
EndProject
Project("{8BC9CEB8-8B4A-11D0-8D11-00A0C91BC942}") = "cv_031", "cv_031\cv_031.vcxproj", "{AAA74362-657A-4FA9-B8A9-18922ACB7B7B}"
EndProject
Project("{8BC9CEB8-8B4A-11D0-8D11-00A0C91BC942}") = "CV_032", "CV_032\CV_032.vcxproj", "{52AAD841-2E85-428F-898F-DE6671F2E7B3}"
EndProject
Project("{8BC9CEB8-8B4A-11D0-8D11-00A0C91BC942}") = "cv_033", "cv_033\cv_033.vcxproj", "{4AF0BC1A-9A5E-4F80-8CB0-635476479825}"
EndProject
Project("{8BC9CEB8-8B4A-11D0-8D11-00A0C91BC942}") = "cv_034", "cv_034\cv_034.vcxproj", "{9F71C5BF-3896-4233-9FD5-2886964FC0BD}"
EndProject
Project("{8BC9CEB8-8B4A-11D0-8D11-00A0C91BC942}") = "cv_035", "cv_035\cv_035.vcxproj", "{0F03E441-9523-4704-9A7E-2640A159EEB3}"
EndProject
Project("{8BC9CEB8-8B4A-11D0-8D11-00A0C91BC942}") = "cv_036", "cv_036\cv_036.vcxproj", "{6C062248-0309-40F5-BBFC-58FE942362F9}"
EndProject
Project("{8BC9CEB8-8B4A-11D0-8D11-00A0C91BC942}") = "cv_037", "cv_037\cv_037.vcxproj", "{56EE47BE-9A67-44A2-9D93-847BA6933409}"
EndProject
Global
	GlobalSection(SolutionConfigurationPlatforms) = preSolution
		Debug|x64 = Debug|x64
		Debug|x86 = Debug|x86
		Release|x64 = Release|x64
		Release|x86 = Release|x86
	EndGlobalSection
	GlobalSection(ProjectConfigurationPlatforms) = postSolution
		{36BDD323-A63C-46EE-A2F7-D1D4BE9123FF}.Debug|x64.ActiveCfg = Debug|x64
		{36BDD323-A63C-46EE-A2F7-D1D4BE9123FF}.Debug|x64.Build.0 = Debug|x64
		{36BDD323-A63C-46EE-A2F7-D1D4BE9123FF}.Debug|x86.ActiveCfg = Debug|Win32
		{36BDD323-A63C-46EE-A2F7-D1D4BE9123FF}.Debug|x86.Build.0 = Debug|Win32
		{36BDD323-A63C-46EE-A2F7-D1D4BE9123FF}.Release|x64.ActiveCfg = Release|x64
		{36BDD323-A63C-46EE-A2F7-D1D4BE9123FF}.Release|x64.Build.0 = Release|x64
		{36BDD323-A63C-46EE-A2F7-D1D4BE9123FF}.Release|x86.ActiveCfg = Release|Win32
		{36BDD323-A63C-46EE-A2F7-D1D4BE9123FF}.Release|x86.Build.0 = Release|Win32
		{AAA74362-657A-4FA9-B8A9-18922ACB7B7B}.Debug|x64.ActiveCfg = Debug|x64
		{AAA74362-657A-4FA9-B8A9-18922ACB7B7B}.Debug|x64.Build.0 = Debug|x64
		{AAA74362-657A-4FA9-B8A9-18922ACB7B7B}.Debug|x86.ActiveCfg = Debug|Win32
		{AAA74362-657A-4FA9-B8A9-18922ACB7B7B}.Debug|x86.Build.0 = Debug|Win32
		{AAA74362-657A-4FA9-B8A9-18922ACB7B7B}.Release|x64.ActiveCfg = Release|x64
		{AAA74362-657A-4FA9-B8A9-18922ACB7B7B}.Release|x64.Build.0 = Release|x64
		{AAA74362-657A-4FA9-B8A9-18922ACB7B7B}.Release|x86.ActiveCfg = Release|Win32
		{AAA74362-657A-4FA9-B8A9-18922ACB7B7B}.Release|x86.Build.0 = Release|Win32
		{52AAD841-2E85-428F-898F-DE6671F2E7B3}.Debug|x64.ActiveCfg = Debug|x64
		{52AAD841-2E85-428F-898F-DE6671F2E7B3}.Debug|x64.Build.0 = Debug|x64
		{52AAD841-2E85-428F-898F-DE6671F2E7B3}.Debug|x86.ActiveCfg = Debug|Win32
		{52AAD841-2E85-428F-898F-DE6671F2E7B3}.Debug|x86.Build.0 = Debug|Win32
		{52AAD841-2E85-428F-898F-DE6671F2E7B3}.Release|x64.ActiveCfg = Release|x64
		{52AAD841-2E85-428F-898F-DE6671F2E7B3}.Release|x64.Build.0 = Release|x64
		{52AAD841-2E85-428F-898F-DE6671F2E7B3}.Release|x86.ActiveCfg = Release|Win32
		{52AAD841-2E85-428F-898F-DE6671F2E7B3}.Release|x86.Build.0 = Release|Win32
		{4AF0BC1A-9A5E-4F80-8CB0-635476479825}.Debug|x64.ActiveCfg = Debug|x64
		{4AF0BC1A-9A5E-4F80-8CB0-635476479825}.Debug|x64.Build.0 = Debug|x64
		{4AF0BC1A-9A5E-4F80-8CB0-635476479825}.Debug|x86.ActiveCfg = Debug|Win32
		{4AF0BC1A-9A5E-4F80-8CB0-635476479825}.Debug|x86.Build.0 = Debug|Win32
		{4AF0BC1A-9A5E-4F80-8CB0-635476479825}.Release|x64.ActiveCfg = Release|x64
		{4AF0BC1A-9A5E-4F80-8CB0-635476479825}.Release|x64.Build.0 = Release|x64
		{4AF0BC1A-9A5E-4F80-8CB0-635476479825}.Release|x86.ActiveCfg = Release|Win32
		{4AF0BC1A-9A5E-4F80-8CB0-635476479825}.Release|x86.Build.0 = Release|Win32
		{9F71C5BF-3896-4233-9FD5-2886964FC0BD}.Debug|x64.ActiveCfg = Debug|x64
		{9F71C5BF-3896-4233-9FD5-2886964FC0BD}.Debug|x64.Build.0 = Debug|x64
		{9F71C5BF-3896-4233-9FD5-2886964FC0BD}.Debug|x86.ActiveCfg = Debug|Win32
		{9F71C5BF-3896-4233-9FD5-2886964FC0BD}.Debug|x86.Build.0 = Debug|Win32
		{9F71C5BF-3896-4233-9FD5-2886964FC0BD}.Release|x64.ActiveCfg = Release|x64
		{9F71C5BF-3896-4233-9FD5-2886964FC0BD}.Release|x64.Build.0 = Release|x64
		{9F71C5BF-3896-4233-9FD5-2886964FC0BD}.Release|x86.ActiveCfg = Release|Win32
		{9F71C5BF-3896-4233-9FD5-2886964FC0BD}.Release|x86.Build.0 = Release|Win32
		{0F03E441-9523-4704-9A7E-2640A159EEB3}.Debug|x64.ActiveCfg = Debug|x64
		{0F03E441-9523-4704-9A7E-2640A159EEB3}.Debug|x64.Build.0 = Debug|x64
		{0F03E441-9523-4704-9A7E-2640A159EEB3}.Debug|x86.ActiveCfg = Debug|Win32
		{0F03E441-9523-4704-9A7E-2640A159EEB3}.Debug|x86.Build.0 = Debug|Win32
		{0F03E441-9523-4704-9A7E-2640A159EEB3}.Release|x64.ActiveCfg = Release|x64
		{0F03E441-9523-4704-9A7E-2640A159EEB3}.Release|x64.Build.0 = Release|x64
		{0F03E441-9523-4704-9A7E-2640A159EEB3}.Release|x86.ActiveCfg = Release|Win32
		{0F03E441-9523-4704-9A7E-2640A159EEB3}.Release|x86.Build.0 = Release|Win32
		{6C062248-0309-40F5-BBFC-58FE942362F9}.Debug|x64.ActiveCfg = Debug|x64
		{6C062248-0309-40F5-BBFC-58FE942362F9}.Debug|x64.Build.0 = Debug|x64
		{6C062248-0309-40F5-BBFC-58FE942362F9}.Debug|x86.ActiveCfg = Debug|Win32
		{6C062248-0309-40F5-BBFC-58FE942362F9}.Debug|x86.Build.0 = Debug|Win32
		{6C062248-0309-40F5-BBFC-58FE942362F9}.Release|x64.ActiveCfg = Release|x64
		{6C062248-0309-40F5-BBFC-58FE942362F9}.Release|x64.Build.0 = Release|x64
		{6C062248-0309-40F5-BBFC-58FE942362F9}.Release|x86.ActiveCfg = Release|Win32
		{6C062248-0309-40F5-BBFC-58FE942362F9}.Release|x86.Build.0 = Release|Win32
		{56EE47BE-9A67-44A2-9D93-847BA6933409}.Debug|x64.ActiveCfg = Debug|x64
		{56EE47BE-9A67-44A2-9D93-847BA6933409}.Debug|x64.Build.0 = Debug|x64
		{56EE47BE-9A67-44A2-9D93-847BA6933409}.Debug|x86.ActiveCfg = Debug|Win32
		{56EE47BE-9A67-44A2-9D93-847BA6933409}.Debug|x86.Build.0 = Debug|Win32
		{56EE47BE-9A67-44A2-9D93-847BA6933409}.Release|x64.ActiveCfg = Release|x64
		{56EE47BE-9A67-44A2-9D93-847BA6933409}.Release|x64.Build.0 = Release|x64
		{56EE47BE-9A67-44A2-9D93-847BA6933409}.Release|x86.ActiveCfg = Release|Win32
		{56EE47BE-9A67-44A2-9D93-847BA6933409}.Release|x86.Build.0 = Release|Win32
	EndGlobalSection
	GlobalSection(SolutionProperties) = preSolution
		HideSolutionNode = FALSE
	EndGlobalSection
	GlobalSection(ExtensibilityGlobals) = postSolution
		SolutionGuid = {F6E6336C-01D7-4A2B-ADB4-69DBD295B193}
	EndGlobalSection
EndGlobal
